
Microsoft Visual Studio Solution File, Format Version 12.00
# Visual Studio Version 16
VisualStudioVersion = 16.0.34301.259
MinimumVisualStudioVersion = 10.0.40219.1
Project("{FAE04EC0-301F-11D3-BF4B-00C04F79EFBC}") = "eTickets", "eTickets\eTickets.csproj", "{A98B747A-EF55-48B7-9F6A-36CA5EBBC98D}"
EndProject
Global
	GlobalSection(SolutionConfigurationPlatforms) = preSolution
		Debug|Any CPU = Debug|Any CPU
		Release|Any CPU = Release|Any CPU
	EndGlobalSection
	GlobalSection(ProjectConfigurationPlatforms) = postSolution
		{A98B747A-EF55-48B7-9F6A-36CA5EBBC98D}.Debug|Any CPU.ActiveCfg = Debug|Any CPU
		{A98B747A-EF55-48B7-9F6A-36CA5EBBC98D}.Debug|Any CPU.Build.0 = Debug|Any CPU
		{A98B747A-EF55-48B7-9F6A-36CA5EBBC98D}.Release|Any CPU.ActiveCfg = Release|Any CPU
		{A98B747A-EF55-48B7-9F6A-36CA5EBBC98D}.Release|Any CPU.Build.0 = Release|Any CPU
	EndGlobalSection
	GlobalSection(SolutionProperties) = preSolution
		HideSolutionNode = FALSE
	EndGlobalSection
	GlobalSection(ExtensibilityGlobals) = postSolution
		SolutionGuid = {B3BBA6E8-63DB-4B32-ADE2-2E188B79D2B7}
	EndGlobalSection
EndGlobal
